github.com/lufia/backoff v1.4.0 h1:L0sEGhSg4B3axnudbQjiW85SseYiJGGxfVJxbC0bH5c=
github.com/lufia/backoff v1.4.0/go.mod h1:4Az24iRBk0joiexWIeJostjEItnAa6yoYNyhF6xTqVQ=
golang.org/x/sync v0.8.0 h1:3NFvSEYkUoMifnESzZl15y791HH1qU2xm6eCJU5ZPXQ=
golang.org/x/sync v0.8.0/go.mod h1:Czt+wKu1gCyEFDUtn0jG5QVvpJ6rzVqr5aXyt9drQfk=
golang.org/x/time v0.8.0 h1:9i3RxcPv3PZnitoVGMPDKZSq1xW1gK1Xy3ArNOGZfEg=
golang.org/x/time v0.8.0/go.mod h1:3BpzKBy/shNhVucY/MWOyx10tF3SFh9QdLuxbVysPQM=
