github.com/lufia/backoff v1.4.0 h1:L0sEGhSg4B3axnudbQjiW85SseYiJGGxfVJxbC0bH5c=
github.com/lufia/backoff v1.4.0/go.mod h1:4Az24iRBk0joiexWIeJostjEItnAa6yoYNyhF6xTqVQ=
golang.org/x/sync v0.19.0 h1:vV+1eWNmZ5geRlYjzm2adRgW2/mcpevXNg50YZtPCE4=
golang.org/x/sync v0.19.0/go.mod h1:9KTHXmSnoGruLpwFjVSX0lNNA75CykiMECbovNTZqGI=
golang.org/x/time v0.14.0 h1:MRx4UaLrDotUKUdCIqzPC48t1Y9hANFKIRpNx+Te8PI=
golang.org/x/time v0.14.0/go.mod h1:eL/Oa2bBBK0TkX57Fyni+NgnyQQN4LitPmob2Hjnqw4=
