github.com/lufia/backoff v1.3.0 h1:Vu8/0JJuHNJsFtfIQpzL21sbX+Nbo01OMt+phqV66dk=
github.com/lufia/backoff v1.3.0/go.mod h1:1cdCZxNUQ3crKA8QxRl0fwzu4XuY1HTOGgEBfKL3sPs=
golang.org/x/sync v0.7.0 h1:YsImfSBoP9QPYL0xyKJPq0gcaJdG3rInoqxTWbfQu9M=
golang.org/x/sync v0.7.0/go.mod h1:Czt+wKu1gCyEFDUtn0jG5QVvpJ6rzVqr5aXyt9drQfk=
golang.org/x/time v0.5.0 h1:o7cqy6amK/52YcAKIPlM3a+Fpj35zvRj2TP+e1xFSfk=
golang.org/x/time v0.5.0/go.mod h1:3BpzKBy/shNhVucY/MWOyx10tF3SFh9QdLuxbVysPQM=
